// !$*UTF8*$!
{
	archiveVersion = 1;
	classes = {
	};
	objectVersion = 46;
	objects = {

/* Begin PBXBuildFile section */
		D93F08931D8F29030046F436 /* libprotobuf-lite.a in Frameworks */ = {isa = PBXBuildFile; fileRef = D93F08911D8F29030046F436 /* libprotobuf-lite.a */; };
		D93F08941D8F29030046F436 /* libprotobuf.a in Frameworks */ = {isa = PBXBuildFile; fileRef = D93F08921D8F29030046F436 /* libprotobuf.a */; };
		D93F08961D8F29150046F436 /* CoreGraphics.framework in Frameworks */ = {isa = PBXBuildFile; fileRef = D93F08951D8F29150046F436 /* CoreGraphics.framework */; };
		D93F08981D8F29210046F436 /* Foundation.framework in Frameworks */ = {isa = PBXBuildFile; fileRef = D93F08971D8F29210046F436 /* Foundation.framework */; };
		D99808AA1D8DC7E000CCC5BD /* main.m in Sources */ = {isa = PBXBuildFile; fileRef = D99808A91D8DC7E000CCC5BD /* main.m */; };
		D99808AD1D8DC7E000CCC5BD /* AppDelegate.m in Sources */ = {isa = PBXBuildFile; fileRef = D99808AC1D8DC7E000CCC5BD /* AppDelegate.m */; };
		D99808B01D8DC7E000CCC5BD /* ViewController.mm in Sources */ = {isa = PBXBuildFile; fileRef = D99808AF1D8DC7E000CCC5BD /* ViewController.mm */; };
		D99808B31D8DC7E000CCC5BD /* Main.storyboard in Resources */ = {isa = PBXBuildFile; fileRef = D99808B11D8DC7E000CCC5BD /* Main.storyboard */; };
		D99808B51D8DC7E000CCC5BD /* Assets.xcassets in Resources */ = {isa = PBXBuildFile; fileRef = D99808B41D8DC7E000CCC5BD /* Assets.xcassets */; };
		D99808B81D8DC7E000CCC5BD /* LaunchScreen.storyboard in Resources */ = {isa = PBXBuildFile; fileRef = D99808B61D8DC7E000CCC5BD /* LaunchScreen.storyboard */; };
		D99808C11D8E807D00CCC5BD /* AboutViewController.m in Sources */ = {isa = PBXBuildFile; fileRef = D99808C01D8E807D00CCC5BD /* AboutViewController.m */; };
		D99808C71D8E957C00CCC5BD /* ios_image_load.mm in Sources */ = {isa = PBXBuildFile; fileRef = D99808C31D8E957C00CCC5BD /* ios_image_load.mm */; };
		D99808C81D8E957C00CCC5BD /* main.mm in Sources */ = {isa = PBXBuildFile; fileRef = D99808C41D8E957C00CCC5BD /* main.mm */; };
		D99808C91D8E957C00CCC5BD /* tensorflow_utils.mm in Sources */ = {isa = PBXBuildFile; fileRef = D99808C51D8E957C00CCC5BD /* tensorflow_utils.mm */; };
		D99808D31D8E989100CCC5BD /* Accelerate.framework in Frameworks */ = {isa = PBXBuildFile; fileRef = D99808D21D8E989100CCC5BD /* Accelerate.framework */; };
		D99808DD1D8ECAD100CCC5BD /* art_graph_quant.pb in Resources */ = {isa = PBXBuildFile; fileRef = D99808DB1D8ECAD100CCC5BD /* art_graph_quant.pb */; };
		D99808DE1D8ECAD100CCC5BD /* art_graph_labels.txt in Resources */ = {isa = PBXBuildFile; fileRef = D99808DC1D8ECAD100CCC5BD /* art_graph_labels.txt */; };
/* End PBXBuildFile section */

/* Begin PBXFileReference section */
		D93F08911D8F29030046F436 /* libprotobuf-lite.a */ = {isa = PBXFileReference; lastKnownFileType = archive.ar; name = "libprotobuf-lite.a"; path = "../../../../../checkout/tensorflow/tensorflow/contrib/makefile/gen/protobuf_ios/lib/libprotobuf-lite.a"; sourceTree = "<group>"; };
		D93F08921D8F29030046F436 /* libprotobuf.a */ = {isa = PBXFileReference; lastKnownFileType = archive.ar; name = libprotobuf.a; path = ../../../../../checkout/tensorflow/tensorflow/contrib/makefile/gen/protobuf_ios/lib/libprotobuf.a; sourceTree = "<group>"; };
		D93F08951D8F29150046F436 /* CoreGraphics.framework */ = {isa = PBXFileReference; lastKnownFileType = wrapper.framework; name = CoreGraphics.framework; path = System/Library/Frameworks/CoreGraphics.framework; sourceTree = SDKROOT; };
		D93F08971D8F29210046F436 /* Foundation.framework */ = {isa = PBXFileReference; lastKnownFileType = wrapper.framework; name = Foundation.framework; path = System/Library/Frameworks/Foundation.framework; sourceTree = SDKROOT; };
		D99808A51D8DC7E000CCC5BD /* ArtCritic.app */ = {isa = PBXFileReference; explicitFileType = wrapper.application; includeInIndex = 0; path = ArtCritic.app; sourceTree = BUILT_PRODUCTS_DIR; };
		D99808A91D8DC7E000CCC5BD /* main.m */ = {isa = PBXFileReference; lastKnownFileType = sourcecode.c.objc; path = main.m; sourceTree = "<group>"; };
		D99808AB1D8DC7E000CCC5BD /* AppDelegate.h */ = {isa = PBXFileReference; lastKnownFileType = sourcecode.c.h; path = AppDelegate.h; sourceTree = "<group>"; };
		D99808AC1D8DC7E000CCC5BD /* AppDelegate.m */ = {isa = PBXFileReference; lastKnownFileType = sourcecode.c.objc; path = AppDelegate.m; sourceTree = "<group>"; };
		D99808AE1D8DC7E000CCC5BD /* ViewController.h */ = {isa = PBXFileReference; lastKnownFileType = sourcecode.c.h; path = ViewController.h; sourceTree = "<group>"; };
		D99808AF1D8DC7E000CCC5BD /* ViewController.mm */ = {isa = PBXFileReference; lastKnownFileType = sourcecode.cpp.objcpp; path = ViewController.mm; sourceTree = "<group>"; };
		D99808B21D8DC7E000CCC5BD /* Base */ = {isa = PBXFileReference; lastKnownFileType = file.storyboard; name = Base; path = Base.lproj/Main.storyboard; sourceTree = "<group>"; };
		D99808B41D8DC7E000CCC5BD /* Assets.xcassets */ = {isa = PBXFileReference; lastKnownFileType = folder.assetcatalog; path = Assets.xcassets; sourceTree = "<group>"; };
		D99808B71D8DC7E000CCC5BD /* Base */ = {isa = PBXFileReference; lastKnownFileType = file.storyboard; name = Base; path = Base.lproj/LaunchScreen.storyboard; sourceTree = "<group>"; };
		D99808B91D8DC7E000CCC5BD /* Info.plist */ = {isa = PBXFileReference; lastKnownFileType = text.plist.xml; path = Info.plist; sourceTree = "<group>"; };
		D99808BF1D8E807D00CCC5BD /* AboutViewController.h */ = {isa = PBXFileReference; fileEncoding = 4; lastKnownFileType = sourcecode.c.h; path = AboutViewController.h; sourceTree = "<group>"; };
		D99808C01D8E807D00CCC5BD /* AboutViewController.m */ = {isa = PBXFileReference; fileEncoding = 4; lastKnownFileType = sourcecode.c.objc; path = AboutViewController.m; sourceTree = "<group>"; };
		D99808C21D8E957C00CCC5BD /* ios_image_load.h */ = {isa = PBXFileReference; fileEncoding = 4; lastKnownFileType = sourcecode.c.h; path = ios_image_load.h; sourceTree = "<group>"; };
		D99808C31D8E957C00CCC5BD /* ios_image_load.mm */ = {isa = PBXFileReference; fileEncoding = 4; lastKnownFileType = sourcecode.cpp.objcpp; path = ios_image_load.mm; sourceTree = "<group>"; };
		D99808C41D8E957C00CCC5BD /* main.mm */ = {isa = PBXFileReference; fileEncoding = 4; lastKnownFileType = sourcecode.cpp.objcpp; path = main.mm; sourceTree = "<group>"; };
		D99808C51D8E957C00CCC5BD /* tensorflow_utils.mm */ = {isa = PBXFileReference; fileEncoding = 4; lastKnownFileType = sourcecode.cpp.objcpp; path = tensorflow_utils.mm; sourceTree = "<group>"; };
		D99808C61D8E957C00CCC5BD /* tensorflow_utils.h */ = {isa = PBXFileReference; fileEncoding = 4; lastKnownFileType = sourcecode.c.h; path = tensorflow_utils.h; sourceTree = "<group>"; };
		D99808D21D8E989100CCC5BD /* Accelerate.framework */ = {isa = PBXFileReference; lastKnownFileType = wrapper.framework; name = Accelerate.framework; path = System/Library/Frameworks/Accelerate.framework; sourceTree = SDKROOT; };
		D99808DB1D8ECAD100CCC5BD /* art_graph_quant.pb */ = {isa = PBXFileReference; lastKnownFileType = file; path = art_graph_quant.pb; sourceTree = "<group>"; };
		D99808DC1D8ECAD100CCC5BD /* art_graph_labels.txt */ = {isa = PBXFileReference; fileEncoding = 4; lastKnownFileType = text; path = art_graph_labels.txt; sourceTree = "<group>"; };
/* End PBXFileReference section */

/* Begin PBXFrameworksBuildPhase section */
		D99808A21D8DC7E000CCC5BD /* Frameworks */ = {
			isa = PBXFrameworksBuildPhase;
			buildActionMask = 2147483647;
			files = (
				D93F08981D8F29210046F436 /* Foundation.framework in Frameworks */,
				D93F08961D8F29150046F436 /* CoreGraphics.framework in Frameworks */,
				D93F08931D8F29030046F436 /* libprotobuf-lite.a in Frameworks */,
				D93F08941D8F29030046F436 /* libprotobuf.a in Frameworks */,
				D99808D31D8E989100CCC5BD /* Accelerate.framework in Frameworks */,
			);
			runOnlyForDeploymentPostprocessing = 0;
		};
/* End PBXFrameworksBuildPhase section */

/* Begin PBXGroup section */
		D998089C1D8DC7E000CCC5BD = {
			isa = PBXGroup;
			children = (
				D93F08971D8F29210046F436 /* Foundation.framework */,
				D93F08951D8F29150046F436 /* CoreGraphics.framework */,
				D93F08911D8F29030046F436 /* libprotobuf-lite.a */,
				D93F08921D8F29030046F436 /* libprotobuf.a */,
				D99808D21D8E989100CCC5BD /* Accelerate.framework */,
				D99808A71D8DC7E000CCC5BD /* ArtCritic */,
				D99808A61D8DC7E000CCC5BD /* Products */,
			);
			sourceTree = "<group>";
		};
		D99808A61D8DC7E000CCC5BD /* Products */ = {
			isa = PBXGroup;
			children = (
				D99808A51D8DC7E000CCC5BD /* ArtCritic.app */,
			);
			name = Products;
			sourceTree = "<group>";
		};
		D99808A71D8DC7E000CCC5BD /* ArtCritic */ = {
			isa = PBXGroup;
			children = (
				D99808DA1D8ECAAD00CCC5BD /* data */,
				D99808C21D8E957C00CCC5BD /* ios_image_load.h */,
				D99808C31D8E957C00CCC5BD /* ios_image_load.mm */,
				D99808C41D8E957C00CCC5BD /* main.mm */,
				D99808C51D8E957C00CCC5BD /* tensorflow_utils.mm */,
				D99808C61D8E957C00CCC5BD /* tensorflow_utils.h */,
				D99808AB1D8DC7E000CCC5BD /* AppDelegate.h */,
				D99808AC1D8DC7E000CCC5BD /* AppDelegate.m */,
				D99808AE1D8DC7E000CCC5BD /* ViewController.h */,
				D99808AF1D8DC7E000CCC5BD /* ViewController.mm */,
				D99808B11D8DC7E000CCC5BD /* Main.storyboard */,
				D99808B41D8DC7E000CCC5BD /* Assets.xcassets */,
				D99808B91D8DC7E000CCC5BD /* Info.plist */,
				D99808A81D8DC7E000CCC5BD /* Supporting Files */,
				D99808BF1D8E807D00CCC5BD /* AboutViewController.h */,
				D99808C01D8E807D00CCC5BD /* AboutViewController.m */,
				D99808B61D8DC7E000CCC5BD /* LaunchScreen.storyboard */,
			);
			path = ArtCritic;
			sourceTree = "<group>";
		};
		D99808A81D8DC7E000CCC5BD /* Supporting Files */ = {
			isa = PBXGroup;
			children = (
				D99808A91D8DC7E000CCC5BD /* main.m */,
			);
			name = "Supporting Files";
			sourceTree = "<group>";
		};
		D99808DA1D8ECAAD00CCC5BD /* data */ = {
			isa = PBXGroup;
			children = (
				D99808DB1D8ECAD100CCC5BD /* art_graph_quant.pb */,
				D99808DC1D8ECAD100CCC5BD /* art_graph_labels.txt */,
			);
			name = data;
			sourceTree = "<group>";
		};
/* End PBXGroup section */

/* Begin PBXNativeTarget section */
		D99808A41D8DC7E000CCC5BD /* ArtCritic */ = {
			isa = PBXNativeTarget;
			buildConfigurationList = D99808BC1D8DC7E000CCC5BD /* Build configuration list for PBXNativeTarget "ArtCritic" */;
			buildPhases = (
				D99808A11D8DC7E000CCC5BD /* Sources */,
				D99808A21D8DC7E000CCC5BD /* Frameworks */,
				D99808A31D8DC7E000CCC5BD /* Resources */,
			);
			buildRules = (
			);
			dependencies = (
			);
			name = ArtCritic;
			productName = ArtCritic;
			productReference = D99808A51D8DC7E000CCC5BD /* ArtCritic.app */;
			productType = "com.apple.product-type.application";
		};
/* End PBXNativeTarget section */

/* Begin PBXProject section */
		D998089D1D8DC7E000CCC5BD /* Project object */ = {
			isa = PBXProject;
			attributes = {
				LastUpgradeCheck = 0730;
				ORGANIZATIONNAME = "Douwe Osinga";
				TargetAttributes = {
					D99808A41D8DC7E000CCC5BD = {
						CreatedOnToolsVersion = 7.3.1;
					};
				};
			};
			buildConfigurationList = D99808A01D8DC7E000CCC5BD /* Build configuration list for PBXProject "ArtCritic" */;
			compatibilityVersion = "Xcode 3.2";
			developmentRegion = English;
			hasScannedForEncodings = 0;
			knownRegions = (
				en,
				Base,
			);
			mainGroup = D998089C1D8DC7E000CCC5BD;
			productRefGroup = D99808A61D8DC7E000CCC5BD /* Products */;
			projectDirPath = "";
			projectRoot = "";
			targets = (
				D99808A41D8DC7E000CCC5BD /* ArtCritic */,
			);
		};
/* End PBXProject section */

/* Begin PBXResourcesBuildPhase section */
		D99808A31D8DC7E000CCC5BD /* Resources */ = {
			isa = PBXResourcesBuildPhase;
			buildActionMask = 2147483647;
			files = (
				D99808B81D8DC7E000CCC5BD /* LaunchScreen.storyboard in Resources */,
				D99808B51D8DC7E000CCC5BD /* Assets.xcassets in Resources */,
				D99808DE1D8ECAD100CCC5BD /* art_graph_labels.txt in Resources */,
				D99808DD1D8ECAD100CCC5BD /* art_graph_quant.pb in Resources */,
				D99808B31D8DC7E000CCC5BD /* Main.storyboard in Resources */,
			);
			runOnlyForDeploymentPostprocessing = 0;
		};
/* End PBXResourcesBuildPhase section */

/* Begin PBXSourcesBuildPhase section */
		D99808A11D8DC7E000CCC5BD /* Sources */ = {
			isa = PBXSourcesBuildPhase;
			buildActionMask = 2147483647;
			files = (
				D99808C81D8E957C00CCC5BD /* main.mm in Sources */,
				D99808B01D8DC7E000CCC5BD /* ViewController.mm in Sources */,
				D99808AD1D8DC7E000CCC5BD /* AppDelegate.m in Sources */,
				D99808C11D8E807D00CCC5BD /* AboutViewController.m in Sources */,
				D99808C71D8E957C00CCC5BD /* ios_image_load.mm in Sources */,
				D99808C91D8E957C00CCC5BD /* tensorflow_utils.mm in Sources */,
				D99808AA1D8DC7E000CCC5BD /* main.m in Sources */,
			);
			runOnlyForDeploymentPostprocessing = 0;
		};
/* End PBXSourcesBuildPhase section */

/* Begin PBXVariantGroup section */
		D99808B11D8DC7E000CCC5BD /* Main.storyboard */ = {
			isa = PBXVariantGroup;
			children = (
				D99808B21D8DC7E000CCC5BD /* Base */,
			);
			name = Main.storyboard;
			sourceTree = "<group>";
		};
		D99808B61D8DC7E000CCC5BD /* LaunchScreen.storyboard */ = {
			isa = PBXVariantGroup;
			children = (
				D99808B71D8DC7E000CCC5BD /* Base */,
			);
			name = LaunchScreen.storyboard;
			sourceTree = "<group>";
		};
/* End PBXVariantGroup section */

/* Begin XCBuildConfiguration section */
		D99808BA1D8DC7E000CCC5BD /* Debug */ = {
			isa = XCBuildConfiguration;
			buildSettings = {
				ALWAYS_SEARCH_USER_PATHS = NO;
				CLANG_ANALYZER_NONNULL = YES;
				CLANG_CXX_LANGUAGE_STANDARD = "gnu++0x";
				CLANG_CXX_LIBRARY = "libc++";
				CLANG_ENABLE_MODULES = YES;
				CLANG_ENABLE_OBJC_ARC = YES;
				CLANG_WARN_BOOL_CONVERSION = YES;
				CLANG_WARN_CONSTANT_CONVERSION = YES;
				CLANG_WARN_DIRECT_OBJC_ISA_USAGE = YES_ERROR;
				CLANG_WARN_EMPTY_BODY = YES;
				CLANG_WARN_ENUM_CONVERSION = YES;
				CLANG_WARN_INT_CONVERSION = YES;
				CLANG_WARN_OBJC_ROOT_CLASS = YES_ERROR;
				CLANG_WARN_UNREACHABLE_CODE = YES;
				CLANG_WARN__DUPLICATE_METHOD_MATCH = YES;
				"CODE_SIGN_IDENTITY[sdk=iphoneos*]" = "iPhone Developer";
				COPY_PHASE_STRIP = NO;
				DEBUG_INFORMATION_FORMAT = dwarf;
				ENABLE_STRICT_OBJC_MSGSEND = YES;
				ENABLE_TESTABILITY = YES;
				GCC_C_LANGUAGE_STANDARD = gnu99;
				GCC_DYNAMIC_NO_PIC = NO;
				GCC_NO_COMMON_BLOCKS = YES;
				GCC_OPTIMIZATION_LEVEL = 0;
				GCC_PREPROCESSOR_DEFINITIONS = (
					"DEBUG=1",
					"$(inherited)",
				);
				GCC_WARN_64_TO_32_BIT_CONVERSION = YES;
				GCC_WARN_ABOUT_RETURN_TYPE = YES_ERROR;
				GCC_WARN_UNDECLARED_SELECTOR = YES;
				GCC_WARN_UNINITIALIZED_AUTOS = YES_AGGRESSIVE;
				GCC_WARN_UNUSED_FUNCTION = YES;
				GCC_WARN_UNUSED_VARIABLE = YES;
				IPHONEOS_DEPLOYMENT_TARGET = 9.3;
				MTL_ENABLE_DEBUG_INFO = YES;
				ONLY_ACTIVE_ARCH = YES;
				SDKROOT = iphoneos;
				TARGETED_DEVICE_FAMILY = "1,2";
			};
			name = Debug;
		};
		D99808BB1D8DC7E000CCC5BD /* Release */ = {
			isa = XCBuildConfiguration;
			buildSettings = {
				ALWAYS_SEARCH_USER_PATHS = NO;
				CLANG_ANALYZER_NONNULL = YES;
				CLANG_CXX_LANGUAGE_STANDARD = "gnu++0x";
				CLANG_CXX_LIBRARY = "libc++";
				CLANG_ENABLE_MODULES = YES;
				CLANG_ENABLE_OBJC_ARC = YES;
				CLANG_WARN_BOOL_CONVERSION = YES;
				CLANG_WARN_CONSTANT_CONVERSION = YES;
				CLANG_WARN_DIRECT_OBJC_ISA_USAGE = YES_ERROR;
				CLANG_WARN_EMPTY_BODY = YES;
				CLANG_WARN_ENUM_CONVERSION = YES;
				CLANG_WARN_INT_CONVERSION = YES;
				CLANG_WARN_OBJC_ROOT_CLASS = YES_ERROR;
				CLANG_WARN_UNREACHABLE_CODE = YES;
				CLANG_WARN__DUPLICATE_METHOD_MATCH = YES;
				"CODE_SIGN_IDENTITY[sdk=iphoneos*]" = "iPhone Developer";
				COPY_PHASE_STRIP = NO;
				DEBUG_INFORMATION_FORMAT = "dwarf-with-dsym";
				ENABLE_NS_ASSERTIONS = NO;
				ENABLE_STRICT_OBJC_MSGSEND = YES;
				GCC_C_LANGUAGE_STANDARD = gnu99;
				GCC_NO_COMMON_BLOCKS = YES;
				GCC_WARN_64_TO_32_BIT_CONVERSION = YES;
				GCC_WARN_ABOUT_RETURN_TYPE = YES_ERROR;
				GCC_WARN_UNDECLARED_SELECTOR = YES;
				GCC_WARN_UNINITIALIZED_AUTOS = YES_AGGRESSIVE;
				GCC_WARN_UNUSED_FUNCTION = YES;
				GCC_WARN_UNUSED_VARIABLE = YES;
				IPHONEOS_DEPLOYMENT_TARGET = 9.3;
				MTL_ENABLE_DEBUG_INFO = NO;
				SDKROOT = iphoneos;
				TARGETED_DEVICE_FAMILY = "1,2";
				VALIDATE_PRODUCT = YES;
			};
			name = Release;
		};
		D99808BD1D8DC7E000CCC5BD /* Debug */ = {
			isa = XCBuildConfiguration;
			buildSettings = {
				ASSETCATALOG_COMPILER_APPICON_NAME = AppIcon;
				CLANG_CXX_LANGUAGE_STANDARD = "c++0x";
				ENABLE_BITCODE = NO;
				FRAMEWORK_SEARCH_PATHS = (
					"$(inherited)",
					"$(PROJECT_DIR)",
				);
				"HEADER_SEARCH_PATHS[arch=*]" = (
					"$(SRCROOT)/tensorflow/..",
					"$(SRCROOT)/tensorflow/contrib/makefile/downloads/eigen-latest",
					"$(SRCROOT)/tensorflow/contrib/makefile/downloads",
					"$(SRCROOT)/tensorflow/contrib/makefile/downloads/protobuf/src",
					"$(SRCROOT)/tensorflow/contrib/makefile/gen/proto",
				);
				INFOPLIST_FILE = ArtCritic/Info.plist;
				LD_RUNPATH_SEARCH_PATHS = "$(inherited) @executable_path/Frameworks";
				LIBRARY_SEARCH_PATHS = (
					"$(SRCROOT)/tensorflow/contrib/makefile/gen/protobuf_ios/lib",
					"$(SRCROOT)/tensorflow/contrib/makefile/gen/lib",
					"$(PROJECT_DIR)",
				);
				OTHER_LDFLAGS = (
					"-force_load",
					"$(SRCROOT)/tensorflow/contrib/makefile/gen/lib/libtensorflow-core.a",
				);
				PRODUCT_BUNDLE_IDENTIFIER = com.douweosinga.ArtCritic;
				PRODUCT_NAME = "$(TARGET_NAME)";
			};
			name = Debug;
		};
		D99808BE1D8DC7E000CCC5BD /* Release */ = {
			isa = XCBuildConfiguration;
			buildSettings = {
				ASSETCATALOG_COMPILER_APPICON_NAME = AppIcon;
				CLANG_CXX_LANGUAGE_STANDARD = "c++0x";
				ENABLE_BITCODE = NO;
				FRAMEWORK_SEARCH_PATHS = (
					"$(inherited)",
					"$(PROJECT_DIR)",
				);
				INFOPLIST_FILE = ArtCritic/Info.plist;
				LD_RUNPATH_SEARCH_PATHS = "$(inherited) @executable_path/Frameworks";
				LIBRARY_SEARCH_PATHS = (
					"$(SRCROOT)/tensorflow/contrib/makefile/gen/protobuf_ios/lib",
					"$(SRCROOT)/tensorflow/contrib/makefile/gen/lib",
					"$(PROJECT_DIR)",
				);
				OTHER_LDFLAGS = (
					"-force_load",
					"$(SRCROOT)/tensorflow/contrib/makefile/gen/lib/libtensorflow-core.a",
				);
				PRODUCT_BUNDLE_IDENTIFIER = com.douweosinga.ArtCritic;
				PRODUCT_NAME = "$(TARGET_NAME)";
			};
			name = Release;
		};
/* End XCBuildConfiguration section */

/* Begin XCConfigurationList section */
		D99808A01D8DC7E000CCC5BD /* Build configuration list for PBXProject "ArtCritic" */ = {
			isa = XCConfigurationList;
			buildConfigurations = (
				D99808BA1D8DC7E000CCC5BD /* Debug */,
				D99808BB1D8DC7E000CCC5BD /* Release */,
			);
			defaultConfigurationIsVisible = 0;
			defaultConfigurationName = Release;
		};
		D99808BC1D8DC7E000CCC5BD /* Build configuration list for PBXNativeTarget "ArtCritic" */ = {
			isa = XCConfigurationList;
			buildConfigurations = (
				D99808BD1D8DC7E000CCC5BD /* Debug */,
				D99808BE1D8DC7E000CCC5BD /* Release */,
			);
			defaultConfigurationIsVisible = 0;
			defaultConfigurationName = Release;
		};
/* End XCConfigurationList section */
	};
	rootObject = D998089D1D8DC7E000CCC5BD /* Project object */;
}
